
Microsoft Visual Studio Solution File, Format Version 12.00
# Visual Studio 15
VisualStudioVersion = 15.0.27130.2024
MinimumVisualStudioVersion = 10.0.40219.1
Project("{FAE04EC0-301F-11D3-BF4B-00C04F79EFBC}") = "WebApiApp", "WebApiApp\WebApiApp.csproj", "{83C907D7-3943-47BA-AA38-75BB7E1C6401}"
EndProject
Global
	GlobalSection(SolutionConfigurationPlatforms) = preSolution
		Debug|Any CPU = Debug|Any CPU
		Release|Any CPU = Release|Any CPU
	EndGlobalSection
	GlobalSection(ProjectConfigurationPlatforms) = postSolution
		{83C907D7-3943-47BA-AA38-75BB7E1C6401}.Debug|Any CPU.ActiveCfg = Debug|Any CPU
		{83C907D7-3943-47BA-AA38-75BB7E1C6401}.Debug|Any CPU.Build.0 = Debug|Any CPU
		{83C907D7-3943-47BA-AA38-75BB7E1C6401}.Release|Any CPU.ActiveCfg = Release|Any CPU
		{83C907D7-3943-47BA-AA38-75BB7E1C6401}.Release|Any CPU.Build.0 = Release|Any CPU
	EndGlobalSection
	GlobalSection(SolutionProperties) = preSolution
		HideSolutionNode = FALSE
	EndGlobalSection
	GlobalSection(ExtensibilityGlobals) = postSolution
		SolutionGuid = {55482404-3B07-4291-A9F3-37F5675E1661}
	EndGlobalSection
EndGlobal
