
Microsoft Visual Studio Solution File, Format Version 12.00
# Visual Studio 15
VisualStudioVersion = 15.0.27130.2024
MinimumVisualStudioVersion = 10.0.40219.1
Project("{2150E333-8FDC-42A3-9474-1A3956D46DE8}") = "2.1", "2.1", "{B13136A7-89FD-4AFB-960F-415FAF828078}"
EndProject
Project("{FAE04EC0-301F-11D3-BF4B-00C04F79EFBC}") = "2-1 Create Storage Account CS", "2-1 Create Storage Account CS\2-1 Create Storage Account CS.csproj", "{6BEFFCBC-CC94-47F5-A41A-3FE9725C093B}"
EndProject
Project("{2150E333-8FDC-42A3-9474-1A3956D46DE8}") = "Common", "Common", "{0D8361D1-F8F6-4DD3-ACFC-9B9D64F48B57}"
EndProject
Project("{2150E333-8FDC-42A3-9474-1A3956D46DE8}") = "Auth", "Auth", "{E4B36E8B-65D5-4A19-8CF0-B68E71EE4A57}"
	ProjectSection(SolutionItems) = preProject
		azureauth.properties = azureauth.properties
	EndProjectSection
EndProject
Project("{2150E333-8FDC-42A3-9474-1A3956D46DE8}") = "2", "2", "{0E816F05-5B2E-4907-A9E6-E8CDBD49935D}"
EndProject
Project("{FAE04EC0-301F-11D3-BF4B-00C04F79EFBC}") = "ReadAndChangeBlobData", "ReadAndChangeBlobData\ReadAndChangeBlobData.csproj", "{0A543BDA-A5CD-4CBA-946C-C75FD1054ABC}"
EndProject
Project("{2150E333-8FDC-42A3-9474-1A3956D46DE8}") = "01", "01", "{C9D32900-5375-44B5-A3A9-B49DCDC43036}"
EndProject
Project("{2150E333-8FDC-42A3-9474-1A3956D46DE8}") = "03", "03", "{10E2ED68-C9DE-491A-9F24-BDF335F0C9A2}"
EndProject
Project("{FAE04EC0-301F-11D3-BF4B-00C04F79EFBC}") = "BlobAndContainerMetadata", "BlobAndContainerMetadata\BlobAndContainerMetadata.csproj", "{1039E540-E0EC-4585-9042-F476F8F536D7}"
EndProject
Project("{FAE04EC0-301F-11D3-BF4B-00C04F79EFBC}") = "PageBlobs", "PageBlobs\PageBlobs.csproj", "{85B707F1-209B-47DD-9D84-ECA5DF3D69CE}"
EndProject
Project("{FAE04EC0-301F-11D3-BF4B-00C04F79EFBC}") = "AppendBlobs", "AppendBlobs\AppendBlobs.csproj", "{6F734CEC-88AF-4F6C-96C7-94E6B3B734D8}"
EndProject
Project("{2150E333-8FDC-42A3-9474-1A3956D46DE8}") = "4", "4", "{74E9F8C7-6943-4099-8908-8DDF9534412E}"
EndProject
Project("{9A19103F-16F7-4668-BE54-9A1E7A4F7556}") = "FunctionApp1", "FunctionApp1\FunctionApp1.csproj", "{70BCE71A-88FA-4EC5-82B7-704AE9F4E5C7}"
EndProject
Project("{2150E333-8FDC-42A3-9474-1A3956D46DE8}") = "DocDB", "DocDB", "{E79349B0-BF2D-4DED-9DE7-838E53B9111A}"
EndProject
Global
	GlobalSection(SolutionConfigurationPlatforms) = preSolution
		Debug|Any CPU = Debug|Any CPU
		Release|Any CPU = Release|Any CPU
	EndGlobalSection
	GlobalSection(ProjectConfigurationPlatforms) = postSolution
		{6BEFFCBC-CC94-47F5-A41A-3FE9725C093B}.Debug|Any CPU.ActiveCfg = Debug|Any CPU
		{6BEFFCBC-CC94-47F5-A41A-3FE9725C093B}.Debug|Any CPU.Build.0 = Debug|Any CPU
		{6BEFFCBC-CC94-47F5-A41A-3FE9725C093B}.Release|Any CPU.ActiveCfg = Release|Any CPU
		{6BEFFCBC-CC94-47F5-A41A-3FE9725C093B}.Release|Any CPU.Build.0 = Release|Any CPU
		{0A543BDA-A5CD-4CBA-946C-C75FD1054ABC}.Debug|Any CPU.ActiveCfg = Debug|Any CPU
		{0A543BDA-A5CD-4CBA-946C-C75FD1054ABC}.Debug|Any CPU.Build.0 = Debug|Any CPU
		{0A543BDA-A5CD-4CBA-946C-C75FD1054ABC}.Release|Any CPU.ActiveCfg = Release|Any CPU
		{0A543BDA-A5CD-4CBA-946C-C75FD1054ABC}.Release|Any CPU.Build.0 = Release|Any CPU
		{1039E540-E0EC-4585-9042-F476F8F536D7}.Debug|Any CPU.ActiveCfg = Debug|Any CPU
		{1039E540-E0EC-4585-9042-F476F8F536D7}.Debug|Any CPU.Build.0 = Debug|Any CPU
		{1039E540-E0EC-4585-9042-F476F8F536D7}.Release|Any CPU.ActiveCfg = Release|Any CPU
		{1039E540-E0EC-4585-9042-F476F8F536D7}.Release|Any CPU.Build.0 = Release|Any CPU
		{85B707F1-209B-47DD-9D84-ECA5DF3D69CE}.Debug|Any CPU.ActiveCfg = Debug|Any CPU
		{85B707F1-209B-47DD-9D84-ECA5DF3D69CE}.Debug|Any CPU.Build.0 = Debug|Any CPU
		{85B707F1-209B-47DD-9D84-ECA5DF3D69CE}.Release|Any CPU.ActiveCfg = Release|Any CPU
		{85B707F1-209B-47DD-9D84-ECA5DF3D69CE}.Release|Any CPU.Build.0 = Release|Any CPU
		{6F734CEC-88AF-4F6C-96C7-94E6B3B734D8}.Debug|Any CPU.ActiveCfg = Debug|Any CPU
		{6F734CEC-88AF-4F6C-96C7-94E6B3B734D8}.Debug|Any CPU.Build.0 = Debug|Any CPU
		{6F734CEC-88AF-4F6C-96C7-94E6B3B734D8}.Release|Any CPU.ActiveCfg = Release|Any CPU
		{6F734CEC-88AF-4F6C-96C7-94E6B3B734D8}.Release|Any CPU.Build.0 = Release|Any CPU
		{70BCE71A-88FA-4EC5-82B7-704AE9F4E5C7}.Debug|Any CPU.ActiveCfg = Debug|Any CPU
		{70BCE71A-88FA-4EC5-82B7-704AE9F4E5C7}.Debug|Any CPU.Build.0 = Debug|Any CPU
		{70BCE71A-88FA-4EC5-82B7-704AE9F4E5C7}.Release|Any CPU.ActiveCfg = Release|Any CPU
		{70BCE71A-88FA-4EC5-82B7-704AE9F4E5C7}.Release|Any CPU.Build.0 = Release|Any CPU
	EndGlobalSection
	GlobalSection(SolutionProperties) = preSolution
		HideSolutionNode = FALSE
	EndGlobalSection
	GlobalSection(NestedProjects) = preSolution
		{B13136A7-89FD-4AFB-960F-415FAF828078} = {0E816F05-5B2E-4907-A9E6-E8CDBD49935D}
		{6BEFFCBC-CC94-47F5-A41A-3FE9725C093B} = {B13136A7-89FD-4AFB-960F-415FAF828078}
		{E4B36E8B-65D5-4A19-8CF0-B68E71EE4A57} = {0D8361D1-F8F6-4DD3-ACFC-9B9D64F48B57}
		{0A543BDA-A5CD-4CBA-946C-C75FD1054ABC} = {10E2ED68-C9DE-491A-9F24-BDF335F0C9A2}
		{C9D32900-5375-44B5-A3A9-B49DCDC43036} = {0E816F05-5B2E-4907-A9E6-E8CDBD49935D}
		{10E2ED68-C9DE-491A-9F24-BDF335F0C9A2} = {C9D32900-5375-44B5-A3A9-B49DCDC43036}
		{1039E540-E0EC-4585-9042-F476F8F536D7} = {10E2ED68-C9DE-491A-9F24-BDF335F0C9A2}
		{85B707F1-209B-47DD-9D84-ECA5DF3D69CE} = {10E2ED68-C9DE-491A-9F24-BDF335F0C9A2}
		{6F734CEC-88AF-4F6C-96C7-94E6B3B734D8} = {10E2ED68-C9DE-491A-9F24-BDF335F0C9A2}
		{70BCE71A-88FA-4EC5-82B7-704AE9F4E5C7} = {74E9F8C7-6943-4099-8908-8DDF9534412E}
		{E79349B0-BF2D-4DED-9DE7-838E53B9111A} = {0E816F05-5B2E-4907-A9E6-E8CDBD49935D}
	EndGlobalSection
	GlobalSection(ExtensibilityGlobals) = postSolution
		SolutionGuid = {22188228-7C8B-4D75-B3BD-B76BA9E01037}
	EndGlobalSection
EndGlobal
