
Microsoft Visual Studio Solution File, Format Version 12.00
# Visual Studio 15
VisualStudioVersion = 15.0.27703.2000
MinimumVisualStudioVersion = 10.0.40219.1
Project("{FAE04EC0-301F-11D3-BF4B-00C04F79EFBC}") = "AzureSearch", "AzureSearch\AzureSearch.csproj", "{A6CBF80C-0205-4C0B-BC5A-27AFE699C798}"
EndProject
Global
	GlobalSection(SolutionConfigurationPlatforms) = preSolution
		Debug|Any CPU = Debug|Any CPU
		Release|Any CPU = Release|Any CPU
	EndGlobalSection
	GlobalSection(ProjectConfigurationPlatforms) = postSolution
		{A6CBF80C-0205-4C0B-BC5A-27AFE699C798}.Debug|Any CPU.ActiveCfg = Debug|Any CPU
		{A6CBF80C-0205-4C0B-BC5A-27AFE699C798}.Debug|Any CPU.Build.0 = Debug|Any CPU
		{A6CBF80C-0205-4C0B-BC5A-27AFE699C798}.Release|Any CPU.ActiveCfg = Release|Any CPU
		{A6CBF80C-0205-4C0B-BC5A-27AFE699C798}.Release|Any CPU.Build.0 = Release|Any CPU
	EndGlobalSection
	GlobalSection(SolutionProperties) = preSolution
		HideSolutionNode = FALSE
	EndGlobalSection
	GlobalSection(ExtensibilityGlobals) = postSolution
		SolutionGuid = {3C642C42-3B6A-4743-84AA-18E4D8C0C3AF}
	EndGlobalSection
EndGlobal
