
Microsoft Visual Studio Solution File, Format Version 12.00
# Visual Studio 15
VisualStudioVersion = 15.0.27130.2024
MinimumVisualStudioVersion = 10.0.40219.1
Project("{FAE04EC0-301F-11D3-BF4B-00C04F79EFBC}") = "la70532webapp1", "la70532webapp1\la70532webapp1.csproj", "{140943F9-403D-4EE0-A8CC-48A0B6D2F0FB}"
EndProject
Global
	GlobalSection(SolutionConfigurationPlatforms) = preSolution
		Debug|Any CPU = Debug|Any CPU
		Release|Any CPU = Release|Any CPU
	EndGlobalSection
	GlobalSection(ProjectConfigurationPlatforms) = postSolution
		{140943F9-403D-4EE0-A8CC-48A0B6D2F0FB}.Debug|Any CPU.ActiveCfg = Debug|Any CPU
		{140943F9-403D-4EE0-A8CC-48A0B6D2F0FB}.Debug|Any CPU.Build.0 = Debug|Any CPU
		{140943F9-403D-4EE0-A8CC-48A0B6D2F0FB}.Release|Any CPU.ActiveCfg = Release|Any CPU
		{140943F9-403D-4EE0-A8CC-48A0B6D2F0FB}.Release|Any CPU.Build.0 = Release|Any CPU
	EndGlobalSection
	GlobalSection(SolutionProperties) = preSolution
		HideSolutionNode = FALSE
	EndGlobalSection
	GlobalSection(ExtensibilityGlobals) = postSolution
		SolutionGuid = {D433A933-E7FD-4AE2-BA8C-4E723BE0588E}
	EndGlobalSection
EndGlobal
