
Microsoft Visual Studio Solution File, Format Version 12.00
# Visual Studio 15
VisualStudioVersion = 15.0.27703.2000
MinimumVisualStudioVersion = 10.0.40219.1
Project("{FAE04EC0-301F-11D3-BF4B-00C04F79EFBC}") = "Queues", "Queues\Queues.csproj", "{D633BE96-0CC5-4F84-8318-35BA5A96B27B}"
EndProject
Global
	GlobalSection(SolutionConfigurationPlatforms) = preSolution
		Debug|Any CPU = Debug|Any CPU
		Release|Any CPU = Release|Any CPU
	EndGlobalSection
	GlobalSection(ProjectConfigurationPlatforms) = postSolution
		{D633BE96-0CC5-4F84-8318-35BA5A96B27B}.Debug|Any CPU.ActiveCfg = Debug|Any CPU
		{D633BE96-0CC5-4F84-8318-35BA5A96B27B}.Debug|Any CPU.Build.0 = Debug|Any CPU
		{D633BE96-0CC5-4F84-8318-35BA5A96B27B}.Release|Any CPU.ActiveCfg = Release|Any CPU
		{D633BE96-0CC5-4F84-8318-35BA5A96B27B}.Release|Any CPU.Build.0 = Release|Any CPU
	EndGlobalSection
	GlobalSection(SolutionProperties) = preSolution
		HideSolutionNode = FALSE
	EndGlobalSection
	GlobalSection(ExtensibilityGlobals) = postSolution
		SolutionGuid = {6CF6E9EF-0B08-4A43-91F5-1D48D76493E4}
	EndGlobalSection
EndGlobal
